
Microsoft Visual Studio Solution File, Format Version 12.00
# Visual Studio 15
VisualStudioVersion = 15.0.27428.2015
MinimumVisualStudioVersion = 10.0.40219.1
Project("{FAE04EC0-301F-11D3-BF4B-00C04F79EFBC}") = "ArjunApp", "ArjunApp\ArjunApp.csproj", "{1B197A06-4A24-4BC6-AC4B-260BC19A3C54}"
EndProject
Global
	GlobalSection(SolutionConfigurationPlatforms) = preSolution
		Debug|Any CPU = Debug|Any CPU
		Release|Any CPU = Release|Any CPU
	EndGlobalSection
	GlobalSection(ProjectConfigurationPlatforms) = postSolution
		{1B197A06-4A24-4BC6-AC4B-260BC19A3C54}.Debug|Any CPU.ActiveCfg = Debug|Any CPU
		{1B197A06-4A24-4BC6-AC4B-260BC19A3C54}.Debug|Any CPU.Build.0 = Debug|Any CPU
		{1B197A06-4A24-4BC6-AC4B-260BC19A3C54}.Release|Any CPU.ActiveCfg = Release|Any CPU
		{1B197A06-4A24-4BC6-AC4B-260BC19A3C54}.Release|Any CPU.Build.0 = Release|Any CPU
	EndGlobalSection
	GlobalSection(SolutionProperties) = preSolution
		HideSolutionNode = FALSE
	EndGlobalSection
	GlobalSection(ExtensibilityGlobals) = postSolution
		SolutionGuid = {5E063E10-5557-4158-AE06-89B563A383C6}
	EndGlobalSection
EndGlobal
